
Microsoft Visual Studio Solution File, Format Version 12.00
# Visual Studio Version 17
VisualStudioVersion = 17.10.35122.118
MinimumVisualStudioVersion = 10.0.40219.1
Project("{FAE04EC0-301F-11D3-BF4B-00C04F79EFBC}") = "Lat", "Lat.csproj", "{78543406-4843-4616-8D29-323E8122A936}"
EndProject
Global
	GlobalSection(SolutionConfigurationPlatforms) = preSolution
		Debug|Any CPU = Debug|Any CPU
		Release|Any CPU = Release|Any CPU
	EndGlobalSection
	GlobalSection(ProjectConfigurationPlatforms) = postSolution
		{78543406-4843-4616-8D29-323E8122A936}.Debug|Any CPU.ActiveCfg = Debug|Any CPU
		{78543406-4843-4616-8D29-323E8122A936}.Debug|Any CPU.Build.0 = Debug|Any CPU
		{78543406-4843-4616-8D29-323E8122A936}.Release|Any CPU.ActiveCfg = Release|x64
		{78543406-4843-4616-8D29-323E8122A936}.Release|Any CPU.Build.0 = Release|x64
	EndGlobalSection
	GlobalSection(SolutionProperties) = preSolution
		HideSolutionNode = FALSE
	EndGlobalSection
	GlobalSection(ExtensibilityGlobals) = postSolution
		SolutionGuid = {7A3FFF5F-5F60-4C68-B227-AE138658BFD4}
	EndGlobalSection
EndGlobal
