
Microsoft Visual Studio Solution File, Format Version 12.00
# Visual Studio Version 16
VisualStudioVersion = 16.0.35425.106
MinimumVisualStudioVersion = 10.0.40219.1
Project("{FAE04EC0-301F-11D3-BF4B-00C04F79EFBC}") = "ConsoleApp1", "ConsoleApp1\ConsoleApp1.csproj", "{4EB4537D-0A6E-4207-B31C-4CA2AB1D03FB}"
EndProject
Project("{FAE04EC0-301F-11D3-BF4B-00C04F79EFBC}") = "ClassLibrary1", "ClassLibrary1\ClassLibrary1.csproj", "{6069496D-F952-4548-9332-5840D749DF02}"
EndProject
Project("{FAE04EC0-301F-11D3-BF4B-00C04F79EFBC}") = "Injection", "Injection\Injection.csproj", "{E63620B8-07D8-4B55-BAC8-85FB8BFF4906}"
EndProject
Project("{FAE04EC0-301F-11D3-BF4B-00C04F79EFBC}") = "Hollowing", "Hollowing\Hollowing.csproj", "{2D86BBCB-6A90-447F-81E1-34381104D58D}"
EndProject
Project("{FAE04EC0-301F-11D3-BF4B-00C04F79EFBC}") = "Ceaser", "Ceaser\Ceaser.csproj", "{6338916E-57DF-4F47-9A77-FA24194733E7}"
EndProject
Project("{FAE04EC0-301F-11D3-BF4B-00C04F79EFBC}") = "PrintSpooferNet", "PrintSpooferNet\PrintSpooferNet.csproj", "{922BA09B-DFB0-40FE-9615-7D837DBE72F3}"
EndProject
Project("{FAE04EC0-301F-11D3-BF4B-00C04F79EFBC}") = "MiniDump", "MiniDump\MiniDump.csproj", "{734DD33E-95DD-408E-8DA8-CE2C1764E0DA}"
EndProject
Global
	GlobalSection(SolutionConfigurationPlatforms) = preSolution
		64|Any CPU = 64|Any CPU
		64|x64 = 64|x64
		Debug|Any CPU = Debug|Any CPU
		Debug|x64 = Debug|x64
		Release|Any CPU = Release|Any CPU
		Release|x64 = Release|x64
	EndGlobalSection
	GlobalSection(ProjectConfigurationPlatforms) = postSolution
		{4EB4537D-0A6E-4207-B31C-4CA2AB1D03FB}.64|Any CPU.ActiveCfg = Release|Any CPU
		{4EB4537D-0A6E-4207-B31C-4CA2AB1D03FB}.64|Any CPU.Build.0 = Release|Any CPU
		{4EB4537D-0A6E-4207-B31C-4CA2AB1D03FB}.64|x64.ActiveCfg = Release|Any CPU
		{4EB4537D-0A6E-4207-B31C-4CA2AB1D03FB}.64|x64.Build.0 = Release|Any CPU
		{4EB4537D-0A6E-4207-B31C-4CA2AB1D03FB}.Debug|Any CPU.ActiveCfg = Debug|Any CPU
		{4EB4537D-0A6E-4207-B31C-4CA2AB1D03FB}.Debug|Any CPU.Build.0 = Debug|Any CPU
		{4EB4537D-0A6E-4207-B31C-4CA2AB1D03FB}.Debug|x64.ActiveCfg = Debug|Any CPU
		{4EB4537D-0A6E-4207-B31C-4CA2AB1D03FB}.Release|Any CPU.ActiveCfg = Release|Any CPU
		{4EB4537D-0A6E-4207-B31C-4CA2AB1D03FB}.Release|Any CPU.Build.0 = Release|Any CPU
		{4EB4537D-0A6E-4207-B31C-4CA2AB1D03FB}.Release|x64.ActiveCfg = Release|x64
		{4EB4537D-0A6E-4207-B31C-4CA2AB1D03FB}.Release|x64.Build.0 = Release|x64
		{6069496D-F952-4548-9332-5840D749DF02}.64|Any CPU.ActiveCfg = Release|Any CPU
		{6069496D-F952-4548-9332-5840D749DF02}.64|Any CPU.Build.0 = Release|Any CPU
		{6069496D-F952-4548-9332-5840D749DF02}.64|x64.ActiveCfg = Release|Any CPU
		{6069496D-F952-4548-9332-5840D749DF02}.64|x64.Build.0 = Release|Any CPU
		{6069496D-F952-4548-9332-5840D749DF02}.Debug|Any CPU.ActiveCfg = Debug|Any CPU
		{6069496D-F952-4548-9332-5840D749DF02}.Debug|Any CPU.Build.0 = Debug|Any CPU
		{6069496D-F952-4548-9332-5840D749DF02}.Debug|x64.ActiveCfg = Debug|Any CPU
		{6069496D-F952-4548-9332-5840D749DF02}.Debug|x64.Build.0 = Debug|Any CPU
		{6069496D-F952-4548-9332-5840D749DF02}.Release|Any CPU.ActiveCfg = Release|Any CPU
		{6069496D-F952-4548-9332-5840D749DF02}.Release|Any CPU.Build.0 = Release|Any CPU
		{6069496D-F952-4548-9332-5840D749DF02}.Release|x64.ActiveCfg = Release|x64
		{6069496D-F952-4548-9332-5840D749DF02}.Release|x64.Build.0 = Release|x64
		{E63620B8-07D8-4B55-BAC8-85FB8BFF4906}.64|Any CPU.ActiveCfg = 64|Any CPU
		{E63620B8-07D8-4B55-BAC8-85FB8BFF4906}.64|Any CPU.Build.0 = 64|Any CPU
		{E63620B8-07D8-4B55-BAC8-85FB8BFF4906}.64|x64.ActiveCfg = Release|x64
		{E63620B8-07D8-4B55-BAC8-85FB8BFF4906}.64|x64.Build.0 = Release|x64
		{E63620B8-07D8-4B55-BAC8-85FB8BFF4906}.Debug|Any CPU.ActiveCfg = Debug|Any CPU
		{E63620B8-07D8-4B55-BAC8-85FB8BFF4906}.Debug|Any CPU.Build.0 = Debug|Any CPU
		{E63620B8-07D8-4B55-BAC8-85FB8BFF4906}.Debug|x64.ActiveCfg = Debug|Any CPU
		{E63620B8-07D8-4B55-BAC8-85FB8BFF4906}.Debug|x64.Build.0 = Debug|Any CPU
		{E63620B8-07D8-4B55-BAC8-85FB8BFF4906}.Release|Any CPU.ActiveCfg = Release|Any CPU
		{E63620B8-07D8-4B55-BAC8-85FB8BFF4906}.Release|Any CPU.Build.0 = Release|Any CPU
		{E63620B8-07D8-4B55-BAC8-85FB8BFF4906}.Release|x64.ActiveCfg = Release|x64
		{E63620B8-07D8-4B55-BAC8-85FB8BFF4906}.Release|x64.Build.0 = Release|x64
		{2D86BBCB-6A90-447F-81E1-34381104D58D}.64|Any CPU.ActiveCfg = Debug|Any CPU
		{2D86BBCB-6A90-447F-81E1-34381104D58D}.64|Any CPU.Build.0 = Debug|Any CPU
		{2D86BBCB-6A90-447F-81E1-34381104D58D}.64|x64.ActiveCfg = Debug|Any CPU
		{2D86BBCB-6A90-447F-81E1-34381104D58D}.64|x64.Build.0 = Debug|Any CPU
		{2D86BBCB-6A90-447F-81E1-34381104D58D}.Debug|Any CPU.ActiveCfg = Debug|Any CPU
		{2D86BBCB-6A90-447F-81E1-34381104D58D}.Debug|Any CPU.Build.0 = Debug|Any CPU
		{2D86BBCB-6A90-447F-81E1-34381104D58D}.Debug|x64.ActiveCfg = Debug|Any CPU
		{2D86BBCB-6A90-447F-81E1-34381104D58D}.Debug|x64.Build.0 = Debug|Any CPU
		{2D86BBCB-6A90-447F-81E1-34381104D58D}.Release|Any CPU.ActiveCfg = Release|Any CPU
		{2D86BBCB-6A90-447F-81E1-34381104D58D}.Release|Any CPU.Build.0 = Release|Any CPU
		{2D86BBCB-6A90-447F-81E1-34381104D58D}.Release|x64.ActiveCfg = Release|x64
		{2D86BBCB-6A90-447F-81E1-34381104D58D}.Release|x64.Build.0 = Release|x64
		{6338916E-57DF-4F47-9A77-FA24194733E7}.64|Any CPU.ActiveCfg = Debug|Any CPU
		{6338916E-57DF-4F47-9A77-FA24194733E7}.64|Any CPU.Build.0 = Debug|Any CPU
		{6338916E-57DF-4F47-9A77-FA24194733E7}.64|x64.ActiveCfg = Debug|Any CPU
		{6338916E-57DF-4F47-9A77-FA24194733E7}.64|x64.Build.0 = Debug|Any CPU
		{6338916E-57DF-4F47-9A77-FA24194733E7}.Debug|Any CPU.ActiveCfg = Debug|Any CPU
		{6338916E-57DF-4F47-9A77-FA24194733E7}.Debug|Any CPU.Build.0 = Debug|Any CPU
		{6338916E-57DF-4F47-9A77-FA24194733E7}.Debug|x64.ActiveCfg = Debug|Any CPU
		{6338916E-57DF-4F47-9A77-FA24194733E7}.Debug|x64.Build.0 = Debug|Any CPU
		{6338916E-57DF-4F47-9A77-FA24194733E7}.Release|Any CPU.ActiveCfg = Release|Any CPU
		{6338916E-57DF-4F47-9A77-FA24194733E7}.Release|Any CPU.Build.0 = Release|Any CPU
		{6338916E-57DF-4F47-9A77-FA24194733E7}.Release|x64.ActiveCfg = Release|x64
		{6338916E-57DF-4F47-9A77-FA24194733E7}.Release|x64.Build.0 = Release|x64
		{922BA09B-DFB0-40FE-9615-7D837DBE72F3}.64|Any CPU.ActiveCfg = Debug|Any CPU
		{922BA09B-DFB0-40FE-9615-7D837DBE72F3}.64|Any CPU.Build.0 = Debug|Any CPU
		{922BA09B-DFB0-40FE-9615-7D837DBE72F3}.64|x64.ActiveCfg = Debug|Any CPU
		{922BA09B-DFB0-40FE-9615-7D837DBE72F3}.64|x64.Build.0 = Debug|Any CPU
		{922BA09B-DFB0-40FE-9615-7D837DBE72F3}.Debug|Any CPU.ActiveCfg = Debug|Any CPU
		{922BA09B-DFB0-40FE-9615-7D837DBE72F3}.Debug|Any CPU.Build.0 = Debug|Any CPU
		{922BA09B-DFB0-40FE-9615-7D837DBE72F3}.Debug|x64.ActiveCfg = Debug|Any CPU
		{922BA09B-DFB0-40FE-9615-7D837DBE72F3}.Debug|x64.Build.0 = Debug|Any CPU
		{922BA09B-DFB0-40FE-9615-7D837DBE72F3}.Release|Any CPU.ActiveCfg = Release|Any CPU
		{922BA09B-DFB0-40FE-9615-7D837DBE72F3}.Release|Any CPU.Build.0 = Release|Any CPU
		{922BA09B-DFB0-40FE-9615-7D837DBE72F3}.Release|x64.ActiveCfg = Release|x64
		{922BA09B-DFB0-40FE-9615-7D837DBE72F3}.Release|x64.Build.0 = Release|x64
		{734DD33E-95DD-408E-8DA8-CE2C1764E0DA}.64|Any CPU.ActiveCfg = Release|Any CPU
		{734DD33E-95DD-408E-8DA8-CE2C1764E0DA}.64|Any CPU.Build.0 = Release|Any CPU
		{734DD33E-95DD-408E-8DA8-CE2C1764E0DA}.64|x64.ActiveCfg = Release|Any CPU
		{734DD33E-95DD-408E-8DA8-CE2C1764E0DA}.64|x64.Build.0 = Release|Any CPU
		{734DD33E-95DD-408E-8DA8-CE2C1764E0DA}.Debug|Any CPU.ActiveCfg = Debug|Any CPU
		{734DD33E-95DD-408E-8DA8-CE2C1764E0DA}.Debug|Any CPU.Build.0 = Debug|Any CPU
		{734DD33E-95DD-408E-8DA8-CE2C1764E0DA}.Debug|x64.ActiveCfg = Debug|Any CPU
		{734DD33E-95DD-408E-8DA8-CE2C1764E0DA}.Debug|x64.Build.0 = Debug|Any CPU
		{734DD33E-95DD-408E-8DA8-CE2C1764E0DA}.Release|Any CPU.ActiveCfg = Release|Any CPU
		{734DD33E-95DD-408E-8DA8-CE2C1764E0DA}.Release|Any CPU.Build.0 = Release|Any CPU
		{734DD33E-95DD-408E-8DA8-CE2C1764E0DA}.Release|x64.ActiveCfg = Release|x64
		{734DD33E-95DD-408E-8DA8-CE2C1764E0DA}.Release|x64.Build.0 = Release|x64
	EndGlobalSection
	GlobalSection(SolutionProperties) = preSolution
		HideSolutionNode = FALSE
	EndGlobalSection
	GlobalSection(ExtensibilityGlobals) = postSolution
		SolutionGuid = {5E544361-ED56-43B9-AD72-633CC03C4B44}
	EndGlobalSection
EndGlobal
